// !$*UTF8*$!
{
	archiveVersion = 1;
	classes = {
	};
	objectVersion = 46;
	objects = {

/* Begin PBXBuildFile section */
		C0F6582F1D1A34BA0032A6AC /* main.m in Sources */ = {isa = PBXBuildFile; fileRef = C0F6582E1D1A34BA0032A6AC /* main.m */; };
		C0F658321D1A34BA0032A6AC /* AppDelegate.m in Sources */ = {isa = PBXBuildFile; fileRef = C0F658311D1A34BA0032A6AC /* AppDelegate.m */; };
		C0F658351D1A34BA0032A6AC /* MasterViewController.m in Sources */ = {isa = PBXBuildFile; fileRef = C0F658341D1A34BA0032A6AC /* MasterViewController.m */; };
		C0F658381D1A34BA0032A6AC /* DetailViewController.m in Sources */ = {isa = PBXBuildFile; fileRef = C0F658371D1A34BA0032A6AC /* DetailViewController.m */; };
		C0F6583B1D1A34BA0032A6AC /* Main.storyboard in Resources */ = {isa = PBXBuildFile; fileRef = C0F658391D1A34BA0032A6AC /* Main.storyboard */; };
		C0F6583D1D1A34BA0032A6AC /* Assets.xcassets in Resources */ = {isa = PBXBuildFile; fileRef = C0F6583C1D1A34BA0032A6AC /* Assets.xcassets */; };
		C0F658401D1A34BA0032A6AC /* LaunchScreen.storyboard in Resources */ = {isa = PBXBuildFile; fileRef = C0F6583E1D1A34BA0032A6AC /* LaunchScreen.storyboard */; };
		C0F6584B1D1A34BA0032A6AC /* renYiXingTests.m in Sources */ = {isa = PBXBuildFile; fileRef = C0F6584A1D1A34BA0032A6AC /* renYiXingTests.m */; };
		C0F658561D1A34BA0032A6AC /* renYiXingUITests.m in Sources */ = {isa = PBXBuildFile; fileRef = C0F658551D1A34BA0032A6AC /* renYiXingUITests.m */; };
/* End PBXBuildFile section */

/* Begin PBXContainerItemProxy section */
		C0F658471D1A34BA0032A6AC /* PBXContainerItemProxy */ = {
			isa = PBXContainerItemProxy;
			containerPortal = C0F658221D1A34B90032A6AC /* Project object */;
			proxyType = 1;
			remoteGlobalIDString = C0F658291D1A34BA0032A6AC;
			remoteInfo = renYiXing;
		};
		C0F658521D1A34BA0032A6AC /* PBXContainerItemProxy */ = {
			isa = PBXContainerItemProxy;
			containerPortal = C0F658221D1A34B90032A6AC /* Project object */;
			proxyType = 1;
			remoteGlobalIDString = C0F658291D1A34BA0032A6AC;
			remoteInfo = renYiXing;
		};
/* End PBXContainerItemProxy section */

/* Begin PBXFileReference section */
		C0F6582A1D1A34BA0032A6AC /* renYiXing.app */ = {isa = PBXFileReference; explicitFileType = wrapper.application; includeInIndex = 0; path = renYiXing.app; sourceTree = BUILT_PRODUCTS_DIR; };
		C0F6582E1D1A34BA0032A6AC /* main.m */ = {isa = PBXFileReference; lastKnownFileType = sourcecode.c.objc; path = main.m; sourceTree = "<group>"; };
		C0F658301D1A34BA0032A6AC /* AppDelegate.h */ = {isa = PBXFileReference; lastKnownFileType = sourcecode.c.h; path = AppDelegate.h; sourceTree = "<group>"; };
		C0F658311D1A34BA0032A6AC /* AppDelegate.m */ = {isa = PBXFileReference; lastKnownFileType = sourcecode.c.objc; path = AppDelegate.m; sourceTree = "<group>"; };
		C0F658331D1A34BA0032A6AC /* MasterViewController.h */ = {isa = PBXFileReference; lastKnownFileType = sourcecode.c.h; path = MasterViewController.h; sourceTree = "<group>"; };
		C0F658341D1A34BA0032A6AC /* MasterViewController.m */ = {isa = PBXFileReference; lastKnownFileType = sourcecode.c.objc; path = MasterViewController.m; sourceTree = "<group>"; };
		C0F658361D1A34BA0032A6AC /* DetailViewController.h */ = {isa = PBXFileReference; lastKnownFileType = sourcecode.c.h; path = DetailViewController.h; sourceTree = "<group>"; };
		C0F658371D1A34BA0032A6AC /* DetailViewController.m */ = {isa = PBXFileReference; lastKnownFileType = sourcecode.c.objc; path = DetailViewController.m; sourceTree = "<group>"; };
		C0F6583A1D1A34BA0032A6AC /* Base */ = {isa = PBXFileReference; lastKnownFileType = file.storyboard; name = Base; path = Base.lproj/Main.storyboard; sourceTree = "<group>"; };
		C0F6583C1D1A34BA0032A6AC /* Assets.xcassets */ = {isa = PBXFileReference; lastKnownFileType = folder.assetcatalog; path = Assets.xcassets; sourceTree = "<group>"; };
		C0F6583F1D1A34BA0032A6AC /* Base */ = {isa = PBXFileReference; lastKnownFileType = file.storyboard; name = Base; path = Base.lproj/LaunchScreen.storyboard; sourceTree = "<group>"; };
		C0F658411D1A34BA0032A6AC /* Info.plist */ = {isa = PBXFileReference; lastKnownFileType = text.plist.xml; path = Info.plist; sourceTree = "<group>"; };
		C0F658461D1A34BA0032A6AC /* renYiXingTests.xctest */ = {isa = PBXFileReference; explicitFileType = wrapper.cfbundle; includeInIndex = 0; path = renYiXingTests.xctest; sourceTree = BUILT_PRODUCTS_DIR; };
		C0F6584A1D1A34BA0032A6AC /* renYiXingTests.m */ = {isa = PBXFileReference; lastKnownFileType = sourcecode.c.objc; path = renYiXingTests.m; sourceTree = "<group>"; };
		C0F6584C1D1A34BA0032A6AC /* Info.plist */ = {isa = PBXFileReference; lastKnownFileType = text.plist.xml; path = Info.plist; sourceTree = "<group>"; };
		C0F658511D1A34BA0032A6AC /* renYiXingUITests.xctest */ = {isa = PBXFileReference; explicitFileType = wrapper.cfbundle; includeInIndex = 0; path = renYiXingUITests.xctest; sourceTree = BUILT_PRODUCTS_DIR; };
		C0F658551D1A34BA0032A6AC /* renYiXingUITests.m */ = {isa = PBXFileReference; lastKnownFileType = sourcecode.c.objc; path = renYiXingUITests.m; sourceTree = "<group>"; };
		C0F658571D1A34BA0032A6AC /* Info.plist */ = {isa = PBXFileReference; lastKnownFileType = text.plist.xml; path = Info.plist; sourceTree = "<group>"; };
/* End PBXFileReference section */

/* Begin PBXFrameworksBuildPhase section */
		C0F658271D1A34BA0032A6AC /* Frameworks */ = {
			isa = PBXFrameworksBuildPhase;
			buildActionMask = 2147483647;
			files = (
			);
			runOnlyForDeploymentPostprocessing = 0;
		};
		C0F658431D1A34BA0032A6AC /* Frameworks */ = {
			isa = PBXFrameworksBuildPhase;
			buildActionMask = 2147483647;
			files = (
			);
			runOnlyForDeploymentPostprocessing = 0;
		};
		C0F6584E1D1A34BA0032A6AC /* Frameworks */ = {
			isa = PBXFrameworksBuildPhase;
			buildActionMask = 2147483647;
			files = (
			);
			runOnlyForDeploymentPostprocessing = 0;
		};
/* End PBXFrameworksBuildPhase section */

/* Begin PBXGroup section */
		C0F658211D1A34B90032A6AC = {
			isa = PBXGroup;
			children = (
				C0F6582C1D1A34BA0032A6AC /* renYiXing */,
				C0F658491D1A34BA0032A6AC /* renYiXingTests */,
				C0F658541D1A34BA0032A6AC /* renYiXingUITests */,
				C0F6582B1D1A34BA0032A6AC /* Products */,
			);
			sourceTree = "<group>";
		};
		C0F6582B1D1A34BA0032A6AC /* Products */ = {
			isa = PBXGroup;
			children = (
				C0F6582A1D1A34BA0032A6AC /* renYiXing.app */,
				C0F658461D1A34BA0032A6AC /* renYiXingTests.xctest */,
				C0F658511D1A34BA0032A6AC /* renYiXingUITests.xctest */,
			);
			name = Products;
			sourceTree = "<group>";
		};
		C0F6582C1D1A34BA0032A6AC /* renYiXing */ = {
			isa = PBXGroup;
			children = (
				C0F658301D1A34BA0032A6AC /* AppDelegate.h */,
				C0F658311D1A34BA0032A6AC /* AppDelegate.m */,
				C0F658331D1A34BA0032A6AC /* MasterViewController.h */,
				C0F658341D1A34BA0032A6AC /* MasterViewController.m */,
				C0F658361D1A34BA0032A6AC /* DetailViewController.h */,
				C0F658371D1A34BA0032A6AC /* DetailViewController.m */,
				C0F658391D1A34BA0032A6AC /* Main.storyboard */,
				C0F6583C1D1A34BA0032A6AC /* Assets.xcassets */,
				C0F6583E1D1A34BA0032A6AC /* LaunchScreen.storyboard */,
				C0F658411D1A34BA0032A6AC /* Info.plist */,
				C0F6582D1D1A34BA0032A6AC /* Supporting Files */,
			);
			path = renYiXing;
			sourceTree = "<group>";
		};
		C0F6582D1D1A34BA0032A6AC /* Supporting Files */ = {
			isa = PBXGroup;
			children = (
				C0F6582E1D1A34BA0032A6AC /* main.m */,
			);
			name = "Supporting Files";
			sourceTree = "<group>";
		};
		C0F658491D1A34BA0032A6AC /* renYiXingTests */ = {
			isa = PBXGroup;
			children = (
				C0F6584A1D1A34BA0032A6AC /* renYiXingTests.m */,
				C0F6584C1D1A34BA0032A6AC /* Info.plist */,
			);
			path = renYiXingTests;
			sourceTree = "<group>";
		};
		C0F658541D1A34BA0032A6AC /* renYiXingUITests */ = {
			isa = PBXGroup;
			children = (
				C0F658551D1A34BA0032A6AC /* renYiXingUITests.m */,
				C0F658571D1A34BA0032A6AC /* Info.plist */,
			);
			path = renYiXingUITests;
			sourceTree = "<group>";
		};
/* End PBXGroup section */

/* Begin PBXNativeTarget section */
		C0F658291D1A34BA0032A6AC /* renYiXing */ = {
			isa = PBXNativeTarget;
			buildConfigurationList = C0F6585A1D1A34BA0032A6AC /* Build configuration list for PBXNativeTarget "renYiXing" */;
			buildPhases = (
				C0F658261D1A34BA0032A6AC /* Sources */,
				C0F658271D1A34BA0032A6AC /* Frameworks */,
				C0F658281D1A34BA0032A6AC /* Resources */,
			);
			buildRules = (
			);
			dependencies = (
			);
			name = renYiXing;
			productName = renYiXing;
			productReference = C0F6582A1D1A34BA0032A6AC /* renYiXing.app */;
			productType = "com.apple.product-type.application";
		};
		C0F658451D1A34BA0032A6AC /* renYiXingTests */ = {
			isa = PBXNativeTarget;
			buildConfigurationList = C0F6585D1D1A34BA0032A6AC /* Build configuration list for PBXNativeTarget "renYiXingTests" */;
			buildPhases = (
				C0F658421D1A34BA0032A6AC /* Sources */,
				C0F658431D1A34BA0032A6AC /* Frameworks */,
				C0F658441D1A34BA0032A6AC /* Resources */,
			);
			buildRules = (
			);
			dependencies = (
				C0F658481D1A34BA0032A6AC /* PBXTargetDependency */,
			);
			name = renYiXingTests;
			productName = renYiXingTests;
			productReference = C0F658461D1A34BA0032A6AC /* renYiXingTests.xctest */;
			productType = "com.apple.product-type.bundle.unit-test";
		};
		C0F658501D1A34BA0032A6AC /* renYiXingUITests */ = {
			isa = PBXNativeTarget;
			buildConfigurationList = C0F658601D1A34BA0032A6AC /* Build configuration list for PBXNativeTarget "renYiXingUITests" */;
			buildPhases = (
				C0F6584D1D1A34BA0032A6AC /* Sources */,
				C0F6584E1D1A34BA0032A6AC /* Frameworks */,
				C0F6584F1D1A34BA0032A6AC /* Resources */,
			);
			buildRules = (
			);
			dependencies = (
				C0F658531D1A34BA0032A6AC /* PBXTargetDependency */,
			);
			name = renYiXingUITests;
			productName = renYiXingUITests;
			productReference = C0F658511D1A34BA0032A6AC /* renYiXingUITests.xctest */;
			productType = "com.apple.product-type.bundle.ui-testing";
		};
/* End PBXNativeTarget section */

/* Begin PBXProject section */
		C0F658221D1A34B90032A6AC /* Project object */ = {
			isa = PBXProject;
			attributes = {
				LastUpgradeCheck = 0720;
				ORGANIZATIONNAME = JOYSW;
				TargetAttributes = {
					C0F658291D1A34BA0032A6AC = {
						CreatedOnToolsVersion = 7.2;
					};
					C0F658451D1A34BA0032A6AC = {
						CreatedOnToolsVersion = 7.2;
						TestTargetID = C0F658291D1A34BA0032A6AC;
					};
					C0F658501D1A34BA0032A6AC = {
						CreatedOnToolsVersion = 7.2;
						TestTargetID = C0F658291D1A34BA0032A6AC;
					};
				};
			};
			buildConfigurationList = C0F658251D1A34B90032A6AC /* Build configuration list for PBXProject "renYiXing" */;
			compatibilityVersion = "Xcode 3.2";
			developmentRegion = English;
			hasScannedForEncodings = 0;
			knownRegions = (
				en,
				Base,
			);
			mainGroup = C0F658211D1A34B90032A6AC;
			productRefGroup = C0F6582B1D1A34BA0032A6AC /* Products */;
			projectDirPath = "";
			projectRoot = "";
			targets = (
				C0F658291D1A34BA0032A6AC /* renYiXing */,
				C0F658451D1A34BA0032A6AC /* renYiXingTests */,
				C0F658501D1A34BA0032A6AC /* renYiXingUITests */,
			);
		};
/* End PBXProject section */

/* Begin PBXResourcesBuildPhase section */
		C0F658281D1A34BA0032A6AC /* Resources */ = {
			isa = PBXResourcesBuildPhase;
			buildActionMask = 2147483647;
			files = (
				C0F658401D1A34BA0032A6AC /* LaunchScreen.storyboard in Resources */,
				C0F6583D1D1A34BA0032A6AC /* Assets.xcassets in Resources */,
				C0F6583B1D1A34BA0032A6AC /* Main.storyboard in Resources */,
			);
			runOnlyForDeploymentPostprocessing = 0;
		};
		C0F658441D1A34BA0032A6AC /* Resources */ = {
			isa = PBXResourcesBuildPhase;
			buildActionMask = 2147483647;
			files = (
			);
			runOnlyForDeploymentPostprocessing = 0;
		};
		C0F6584F1D1A34BA0032A6AC /* Resources */ = {
			isa = PBXResourcesBuildPhase;
			buildActionMask = 2147483647;
			files = (
			);
			runOnlyForDeploymentPostprocessing = 0;
		};
/* End PBXResourcesBuildPhase section */

/* Begin PBXSourcesBuildPhase section */
		C0F658261D1A34BA0032A6AC /* Sources */ = {
			isa = PBXSourcesBuildPhase;
			buildActionMask = 2147483647;
			files = (
				C0F658321D1A34BA0032A6AC /* AppDelegate.m in Sources */,
				C0F658351D1A34BA0032A6AC /* MasterViewController.m in Sources */,
				C0F6582F1D1A34BA0032A6AC /* main.m in Sources */,
				C0F658381D1A34BA0032A6AC /* DetailViewController.m in Sources */,
			);
			runOnlyForDeploymentPostprocessing = 0;
		};
		C0F658421D1A34BA0032A6AC /* Sources */ = {
			isa = PBXSourcesBuildPhase;
			buildActionMask = 2147483647;
			files = (
				C0F6584B1D1A34BA0032A6AC /* renYiXingTests.m in Sources */,
			);
			runOnlyForDeploymentPostprocessing = 0;
		};
		C0F6584D1D1A34BA0032A6AC /* Sources */ = {
			isa = PBXSourcesBuildPhase;
			buildActionMask = 2147483647;
			files = (
				C0F658561D1A34BA0032A6AC /* renYiXingUITests.m in Sources */,
			);
			runOnlyForDeploymentPostprocessing = 0;
		};
/* End PBXSourcesBuildPhase section */

/* Begin PBXTargetDependency section */
		C0F658481D1A34BA0032A6AC /* PBXTargetDependency */ = {
			isa = PBXTargetDependency;
			target = C0F658291D1A34BA0032A6AC /* renYiXing */;
			targetProxy = C0F658471D1A34BA0032A6AC /* PBXContainerItemProxy */;
		};
		C0F658531D1A34BA0032A6AC /* PBXTargetDependency */ = {
			isa = PBXTargetDependency;
			target = C0F658291D1A34BA0032A6AC /* renYiXing */;
			targetProxy = C0F658521D1A34BA0032A6AC /* PBXContainerItemProxy */;
		};
/* End PBXTargetDependency section */

/* Begin PBXVariantGroup section */
		C0F658391D1A34BA0032A6AC /* Main.storyboard */ = {
			isa = PBXVariantGroup;
			children = (
				C0F6583A1D1A34BA0032A6AC /* Base */,
			);
			name = Main.storyboard;
			sourceTree = "<group>";
		};
		C0F6583E1D1A34BA0032A6AC /* LaunchScreen.storyboard */ = {
			isa = PBXVariantGroup;
			children = (
				C0F6583F1D1A34BA0032A6AC /* Base */,
			);
			name = LaunchScreen.storyboard;
			sourceTree = "<group>";
		};
/* End PBXVariantGroup section */

/* Begin XCBuildConfiguration section */
		C0F658581D1A34BA0032A6AC /* Debug */ = {
			isa = XCBuildConfiguration;
			buildSettings = {
				ALWAYS_SEARCH_USER_PATHS = NO;
				CLANG_CXX_LANGUAGE_STANDARD = "gnu++0x";
				CLANG_CXX_LIBRARY = "libc++";
				CLANG_ENABLE_MODULES = YES;
				CLANG_ENABLE_OBJC_ARC = YES;
				CLANG_WARN_BOOL_CONVERSION = YES;
				CLANG_WARN_CONSTANT_CONVERSION = YES;
				CLANG_WARN_DIRECT_OBJC_ISA_USAGE = YES_ERROR;
				CLANG_WARN_EMPTY_BODY = YES;
				CLANG_WARN_ENUM_CONVERSION = YES;
				CLANG_WARN_INT_CONVERSION = YES;
				CLANG_WARN_OBJC_ROOT_CLASS = YES_ERROR;
				CLANG_WARN_UNREACHABLE_CODE = YES;
				CLANG_WARN__DUPLICATE_METHOD_MATCH = YES;
				"CODE_SIGN_IDENTITY[sdk=iphoneos*]" = "iPhone Developer";
				COPY_PHASE_STRIP = NO;
				DEBUG_INFORMATION_FORMAT = dwarf;
				ENABLE_STRICT_OBJC_MSGSEND = YES;
				ENABLE_TESTABILITY = YES;
				GCC_C_LANGUAGE_STANDARD = gnu99;
				GCC_DYNAMIC_NO_PIC = NO;
				GCC_NO_COMMON_BLOCKS = YES;
				GCC_OPTIMIZATION_LEVEL = 0;
				GCC_PREPROCESSOR_DEFINITIONS = (
					"DEBUG=1",
					"$(inherited)",
				);
				GCC_WARN_64_TO_32_BIT_CONVERSION = YES;
				GCC_WARN_ABOUT_RETURN_TYPE = YES_ERROR;
				GCC_WARN_UNDECLARED_SELECTOR = YES;
				GCC_WARN_UNINITIALIZED_AUTOS = YES_AGGRESSIVE;
				GCC_WARN_UNUSED_FUNCTION = YES;
				GCC_WARN_UNUSED_VARIABLE = YES;
				IPHONEOS_DEPLOYMENT_TARGET = 9.2;
				MTL_ENABLE_DEBUG_INFO = YES;
				ONLY_ACTIVE_ARCH = YES;
				SDKROOT = iphoneos;
			};
			name = Debug;
		};
		C0F658591D1A34BA0032A6AC /* Release */ = {
			isa = XCBuildConfiguration;
			buildSettings = {
				ALWAYS_SEARCH_USER_PATHS = NO;
				CLANG_CXX_LANGUAGE_STANDARD = "gnu++0x";
				CLANG_CXX_LIBRARY = "libc++";
				CLANG_ENABLE_MODULES = YES;
				CLANG_ENABLE_OBJC_ARC = YES;
				CLANG_WARN_BOOL_CONVERSION = YES;
				CLANG_WARN_CONSTANT_CONVERSION = YES;
				CLANG_WARN_DIRECT_OBJC_ISA_USAGE = YES_ERROR;
				CLANG_WARN_EMPTY_BODY = YES;
				CLANG_WARN_ENUM_CONVERSION = YES;
				CLANG_WARN_INT_CONVERSION = YES;
				CLANG_WARN_OBJC_ROOT_CLASS = YES_ERROR;
				CLANG_WARN_UNREACHABLE_CODE = YES;
				CLANG_WARN__DUPLICATE_METHOD_MATCH = YES;
				"CODE_SIGN_IDENTITY[sdk=iphoneos*]" = "iPhone Developer";
				COPY_PHASE_STRIP = NO;
				DEBUG_INFORMATION_FORMAT = "dwarf-with-dsym";
				ENABLE_NS_ASSERTIONS = NO;
				ENABLE_STRICT_OBJC_MSGSEND = YES;
				GCC_C_LANGUAGE_STANDARD = gnu99;
				GCC_NO_COMMON_BLOCKS = YES;
				GCC_WARN_64_TO_32_BIT_CONVERSION = YES;
				GCC_WARN_ABOUT_RETURN_TYPE = YES_ERROR;
				GCC_WARN_UNDECLARED_SELECTOR = YES;
				GCC_WARN_UNINITIALIZED_AUTOS = YES_AGGRESSIVE;
				GCC_WARN_UNUSED_FUNCTION = YES;
				GCC_WARN_UNUSED_VARIABLE = YES;
				IPHONEOS_DEPLOYMENT_TARGET = 9.2;
				MTL_ENABLE_DEBUG_INFO = NO;
				SDKROOT = iphoneos;
				VALIDATE_PRODUCT = YES;
			};
			name = Release;
		};
		C0F6585B1D1A34BA0032A6AC /* Debug */ = {
			isa = XCBuildConfiguration;
			buildSettings = {
				ASSETCATALOG_COMPILER_APPICON_NAME = AppIcon;
				INFOPLIST_FILE = renYiXing/Info.plist;
				LD_RUNPATH_SEARCH_PATHS = "$(inherited) @executable_path/Frameworks";
				PRODUCT_BUNDLE_IDENTIFIER = joysw.renYiXing;
				PRODUCT_NAME = "$(TARGET_NAME)";
			};
			name = Debug;
		};
		C0F6585C1D1A34BA0032A6AC /* Release */ = {
			isa = XCBuildConfiguration;
			buildSettings = {
				ASSETCATALOG_COMPILER_APPICON_NAME = AppIcon;
				INFOPLIST_FILE = renYiXing/Info.plist;
				LD_RUNPATH_SEARCH_PATHS = "$(inherited) @executable_path/Frameworks";
				PRODUCT_BUNDLE_IDENTIFIER = joysw.renYiXing;
				PRODUCT_NAME = "$(TARGET_NAME)";
			};
			name = Release;
		};
		C0F6585E1D1A34BA0032A6AC /* Debug */ = {
			isa = XCBuildConfiguration;
			buildSettings = {
				BUNDLE_LOADER = "$(TEST_HOST)";
				INFOPLIST_FILE = renYiXingTests/Info.plist;
				LD_RUNPATH_SEARCH_PATHS = "$(inherited) @executable_path/Frameworks @loader_path/Frameworks";
				PRODUCT_BUNDLE_IDENTIFIER = joysw.renYiXingTests;
				PRODUCT_NAME = "$(TARGET_NAME)";
				TEST_HOST = "$(BUILT_PRODUCTS_DIR)/renYiXing.app/renYiXing";
			};
			name = Debug;
		};
		C0F6585F1D1A34BA0032A6AC /* Release */ = {
			isa = XCBuildConfiguration;
			buildSettings = {
				BUNDLE_LOADER = "$(TEST_HOST)";
				INFOPLIST_FILE = renYiXingTests/Info.plist;
				LD_RUNPATH_SEARCH_PATHS = "$(inherited) @executable_path/Frameworks @loader_path/Frameworks";
				PRODUCT_BUNDLE_IDENTIFIER = joysw.renYiXingTests;
				PRODUCT_NAME = "$(TARGET_NAME)";
				TEST_HOST = "$(BUILT_PRODUCTS_DIR)/renYiXing.app/renYiXing";
			};
			name = Release;
		};
		C0F658611D1A34BA0032A6AC /* Debug */ = {
			isa = XCBuildConfiguration;
			buildSettings = {
				INFOPLIST_FILE = renYiXingUITests/Info.plist;
				LD_RUNPATH_SEARCH_PATHS = "$(inherited) @executable_path/Frameworks @loader_path/Frameworks";
				PRODUCT_BUNDLE_IDENTIFIER = joysw.renYiXingUITests;
				PRODUCT_NAME = "$(TARGET_NAME)";
				TEST_TARGET_NAME = renYiXing;
				USES_XCTRUNNER = YES;
			};
			name = Debug;
		};
		C0F658621D1A34BA0032A6AC /* Release */ = {
			isa = XCBuildConfiguration;
			buildSettings = {
				INFOPLIST_FILE = renYiXingUITests/Info.plist;
				LD_RUNPATH_SEARCH_PATHS = "$(inherited) @executable_path/Frameworks @loader_path/Frameworks";
				PRODUCT_BUNDLE_IDENTIFIER = joysw.renYiXingUITests;
				PRODUCT_NAME = "$(TARGET_NAME)";
				TEST_TARGET_NAME = renYiXing;
				USES_XCTRUNNER = YES;
			};
			name = Release;
		};
/* End XCBuildConfiguration section */

/* Begin XCConfigurationList section */
		C0F658251D1A34B90032A6AC /* Build configuration list for PBXProject "renYiXing" */ = {
			isa = XCConfigurationList;
			buildConfigurations = (
				C0F658581D1A34BA0032A6AC /* Debug */,
				C0F658591D1A34BA0032A6AC /* Release */,
			);
			defaultConfigurationIsVisible = 0;
			defaultConfigurationName = Release;
		};
		C0F6585A1D1A34BA0032A6AC /* Build configuration list for PBXNativeTarget "renYiXing" */ = {
			isa = XCConfigurationList;
			buildConfigurations = (
				C0F6585B1D1A34BA0032A6AC /* Debug */,
				C0F6585C1D1A34BA0032A6AC /* Release */,
			);
			defaultConfigurationIsVisible = 0;
		};
		C0F6585D1D1A34BA0032A6AC /* Build configuration list for PBXNativeTarget "renYiXingTests" */ = {
			isa = XCConfigurationList;
			buildConfigurations = (
				C0F6585E1D1A34BA0032A6AC /* Debug */,
				C0F6585F1D1A34BA0032A6AC /* Release */,
			);
			defaultConfigurationIsVisible = 0;
		};
		C0F658601D1A34BA0032A6AC /* Build configuration list for PBXNativeTarget "renYiXingUITests" */ = {
			isa = XCConfigurationList;
			buildConfigurations = (
				C0F658611D1A34BA0032A6AC /* Debug */,
				C0F658621D1A34BA0032A6AC /* Release */,
			);
			defaultConfigurationIsVisible = 0;
		};
/* End XCConfigurationList section */
	};
	rootObject = C0F658221D1A34B90032A6AC /* Project object */;
}
